
Microsoft Visual Studio Solution File, Format Version 12.00
# Visual Studio Version 16
VisualStudioVersion = 16.0.33328.57
MinimumVisualStudioVersion = 10.0.40219.1
Project("{FAE04EC0-301F-11D3-BF4B-00C04F79EFBC}") = "EscuelaPortaFolio", "EscuelaPortaFolio.csproj", "{C04D9AED-2B5A-40FC-9B38-695DFFC14943}"
EndProject
Project("{FAE04EC0-301F-11D3-BF4B-00C04F79EFBC}") = "BT", "..\BT\BT.csproj", "{E4675C2B-5A95-4D8D-A45F-80BA177A7C44}"
EndProject
Project("{FAE04EC0-301F-11D3-BF4B-00C04F79EFBC}") = "BD", "..\BD\BD.csproj", "{F3F6C2C1-DF0A-4007-B2D5-89FFDB32FD2B}"
EndProject
Project("{FAE04EC0-301F-11D3-BF4B-00C04F79EFBC}") = "RN", "..\RN\RN.csproj", "{30951460-3A1A-4311-9975-BB5AD96557C2}"
EndProject
Project("{FAE04EC0-301F-11D3-BF4B-00C04F79EFBC}") = "Utilidades", "..\Utilidades\Utilidades.csproj", "{728F210C-B56C-4673-9F33-662C69A40151}"
EndProject
Global
	GlobalSection(SolutionConfigurationPlatforms) = preSolution
		Debug|Any CPU = Debug|Any CPU
		Release|Any CPU = Release|Any CPU
	EndGlobalSection
	GlobalSection(ProjectConfigurationPlatforms) = postSolution
		{C04D9AED-2B5A-40FC-9B38-695DFFC14943}.Debug|Any CPU.ActiveCfg = Debug|Any CPU
		{C04D9AED-2B5A-40FC-9B38-695DFFC14943}.Debug|Any CPU.Build.0 = Debug|Any CPU
		{C04D9AED-2B5A-40FC-9B38-695DFFC14943}.Release|Any CPU.ActiveCfg = Release|Any CPU
		{C04D9AED-2B5A-40FC-9B38-695DFFC14943}.Release|Any CPU.Build.0 = Release|Any CPU
		{E4675C2B-5A95-4D8D-A45F-80BA177A7C44}.Debug|Any CPU.ActiveCfg = Debug|Any CPU
		{E4675C2B-5A95-4D8D-A45F-80BA177A7C44}.Debug|Any CPU.Build.0 = Debug|Any CPU
		{E4675C2B-5A95-4D8D-A45F-80BA177A7C44}.Release|Any CPU.ActiveCfg = Release|Any CPU
		{E4675C2B-5A95-4D8D-A45F-80BA177A7C44}.Release|Any CPU.Build.0 = Release|Any CPU
		{F3F6C2C1-DF0A-4007-B2D5-89FFDB32FD2B}.Debug|Any CPU.ActiveCfg = Debug|Any CPU
		{F3F6C2C1-DF0A-4007-B2D5-89FFDB32FD2B}.Debug|Any CPU.Build.0 = Debug|Any CPU
		{F3F6C2C1-DF0A-4007-B2D5-89FFDB32FD2B}.Release|Any CPU.ActiveCfg = Release|Any CPU
		{F3F6C2C1-DF0A-4007-B2D5-89FFDB32FD2B}.Release|Any CPU.Build.0 = Release|Any CPU
		{30951460-3A1A-4311-9975-BB5AD96557C2}.Debug|Any CPU.ActiveCfg = Debug|Any CPU
		{30951460-3A1A-4311-9975-BB5AD96557C2}.Debug|Any CPU.Build.0 = Debug|Any CPU
		{30951460-3A1A-4311-9975-BB5AD96557C2}.Release|Any CPU.ActiveCfg = Release|Any CPU
		{30951460-3A1A-4311-9975-BB5AD96557C2}.Release|Any CPU.Build.0 = Release|Any CPU
		{728F210C-B56C-4673-9F33-662C69A40151}.Debug|Any CPU.ActiveCfg = Debug|Any CPU
		{728F210C-B56C-4673-9F33-662C69A40151}.Debug|Any CPU.Build.0 = Debug|Any CPU
		{728F210C-B56C-4673-9F33-662C69A40151}.Release|Any CPU.ActiveCfg = Release|Any CPU
		{728F210C-B56C-4673-9F33-662C69A40151}.Release|Any CPU.Build.0 = Release|Any CPU
	EndGlobalSection
	GlobalSection(SolutionProperties) = preSolution
		HideSolutionNode = FALSE
	EndGlobalSection
	GlobalSection(ExtensibilityGlobals) = postSolution
		SolutionGuid = {2F2FBD67-A522-4AF9-BCA4-74545BAB5CC0}
	EndGlobalSection
EndGlobal
